
Microsoft Visual Studio Solution File, Format Version 12.00
# Visual Studio Version 17
VisualStudioVersion = 17.3.32811.315
MinimumVisualStudioVersion = 10.0.40219.1
Project("{FAE04EC0-301F-11D3-BF4B-00C04F79EFBC}") = "FoodApplication", "FoodApplication\FoodApplication.csproj", "{593CAD6C-1331-446E-8A6B-585F985A393B}"
EndProject
Global
	GlobalSection(SolutionConfigurationPlatforms) = preSolution
		Debug|Any CPU = Debug|Any CPU
		Release|Any CPU = Release|Any CPU
	EndGlobalSection
	GlobalSection(ProjectConfigurationPlatforms) = postSolution
		{593CAD6C-1331-446E-8A6B-585F985A393B}.Debug|Any CPU.ActiveCfg = Debug|Any CPU
		{593CAD6C-1331-446E-8A6B-585F985A393B}.Debug|Any CPU.Build.0 = Debug|Any CPU
		{593CAD6C-1331-446E-8A6B-585F985A393B}.Release|Any CPU.ActiveCfg = Release|Any CPU
		{593CAD6C-1331-446E-8A6B-585F985A393B}.Release|Any CPU.Build.0 = Release|Any CPU
	EndGlobalSection
	GlobalSection(SolutionProperties) = preSolution
		HideSolutionNode = FALSE
	EndGlobalSection
	GlobalSection(ExtensibilityGlobals) = postSolution
		SolutionGuid = {541353F0-9ECE-4028-B714-354480AAA71B}
	EndGlobalSection
EndGlobal
